
Microsoft Visual Studio Solution File, Format Version 12.00
# Visual Studio Version 17
VisualStudioVersion = 17.13.35931.197 d17.13
MinimumVisualStudioVersion = 10.0.40219.1
Project("{FAE04EC0-301F-11D3-BF4B-00C04F79EFBC}") = "vision", "vision\vision.csproj", "{A2838FC2-6671-44AE-B882-43371369C1EC}"
EndProject
Global
	GlobalSection(SolutionConfigurationPlatforms) = preSolution
		Debug|Any CPU = Debug|Any CPU
		Release|Any CPU = Release|Any CPU
	EndGlobalSection
	GlobalSection(ProjectConfigurationPlatforms) = postSolution
		{A2838FC2-6671-44AE-B882-43371369C1EC}.Debug|Any CPU.ActiveCfg = Debug|Any CPU
		{A2838FC2-6671-44AE-B882-43371369C1EC}.Debug|Any CPU.Build.0 = Debug|Any CPU
		{A2838FC2-6671-44AE-B882-43371369C1EC}.Release|Any CPU.ActiveCfg = Release|Any CPU
		{A2838FC2-6671-44AE-B882-43371369C1EC}.Release|Any CPU.Build.0 = Release|Any CPU
	EndGlobalSection
	GlobalSection(SolutionProperties) = preSolution
		HideSolutionNode = FALSE
	EndGlobalSection
	GlobalSection(ExtensibilityGlobals) = postSolution
		SolutionGuid = {AA061C07-49F1-45FA-B3E4-F3323D5BA755}
	EndGlobalSection
EndGlobal
